{
  "name": "mobx-in-depth",
  "version": "0.1.0",
  "lockfileVersion": 2,
  "requires": true,
  "packages": {
    "": {
      "dependencies": {
        "mobx": "^6.1.8"
      }
    },
    "node_modules/mobx": {
      "version": "6.1.8",
      "resolved": "https://registry.npmjs.org/mobx/-/mobx-6.1.8.tgz",
      "integrity": "sha512-U4yCvUeh6yKXRwFxm2lyJjXPVekOEar/R8ZKWAXem/3fthJqYflViawfjDAUh7lZEvbKqljC3NT/pSaUKpE+gg==",
      "funding": {
        "type": "opencollective",
        "url": "https://opencollective.com/mobx"
      }
    }
  },
  "dependencies": {
    "mobx": {
      "version": "6.1.8",
      "resolved": "https://registry.npmjs.org/mobx/-/mobx-6.1.8.tgz",
      "integrity": "sha512-U4yCvUeh6yKXRwFxm2lyJjXPVekOEar/R8ZKWAXem/3fthJqYflViawfjDAUh7lZEvbKqljC3NT/pSaUKpE+gg=="
    }
  }
}
